// !$*UTF8*$!
{
	archiveVersion = 1;
	classes = {
	};
	objectVersion = 55;
	objects = {

/* Begin PBXBuildFile section */
		08A3D1F50D7EEC3E86C1F80B /* Pods_iawake.framework in Frameworks */ = {isa = PBXBuildFile; fileRef = 2A5AB3E2CD1AA1646392755F /* Pods_iawake.framework */; };
		0FC8F3A1821346F77340D236 /* Pods_iawakeTests.framework in Frameworks */ = {isa = PBXBuildFile; fileRef = BDE4A636308CDE654F4330F5 /* Pods_iawakeTests.framework */; };
		1183B97727EBA209005493BD /* AppDelegate.swift in Sources */ = {isa = PBXBuildFile; fileRef = 1183B97627EBA209005493BD /* AppDelegate.swift */; };
		1183B97927EBA209005493BD /* SceneDelegate.swift in Sources */ = {isa = PBXBuildFile; fileRef = 1183B97827EBA209005493BD /* SceneDelegate.swift */; };
		1183B97E27EBA209005493BD /* Main.storyboard in Resources */ = {isa = PBXBuildFile; fileRef = 1183B97C27EBA209005493BD /* Main.storyboard */; };
		1183B98027EBA20D005493BD /* Assets.xcassets in Resources */ = {isa = PBXBuildFile; fileRef = 1183B97F27EBA20D005493BD /* Assets.xcassets */; };
		1183B98327EBA20D005493BD /* LaunchScreen.storyboard in Resources */ = {isa = PBXBuildFile; fileRef = 1183B98127EBA20D005493BD /* LaunchScreen.storyboard */; };
		1183B98E27EBA20D005493BD /* iawakeTests.swift in Sources */ = {isa = PBXBuildFile; fileRef = 1183B98D27EBA20D005493BD /* iawakeTests.swift */; };
		1183B99827EBA20D005493BD /* iawakeUITests.swift in Sources */ = {isa = PBXBuildFile; fileRef = 1183B99727EBA20D005493BD /* iawakeUITests.swift */; };
		1183B99A27EBA20D005493BD /* iawakeUITestsLaunchTests.swift in Sources */ = {isa = PBXBuildFile; fileRef = 1183B99927EBA20D005493BD /* iawakeUITestsLaunchTests.swift */; };
		1183B9B427EBA74F005493BD /* URLRequest+Assessment.swift in Sources */ = {isa = PBXBuildFile; fileRef = 1183B9AF27EBA74F005493BD /* URLRequest+Assessment.swift */; };
		1183B9B527EBA74F005493BD /* UIViewController+Assessment.swift in Sources */ = {isa = PBXBuildFile; fileRef = 1183B9B027EBA74F005493BD /* UIViewController+Assessment.swift */; };
		1183B9B727EBA74F005493BD /* UIView+Assessment.swift in Sources */ = {isa = PBXBuildFile; fileRef = 1183B9B227EBA74F005493BD /* UIView+Assessment.swift */; };
		1183B9BB27EBA76C005493BD /* EndPoint.swift in Sources */ = {isa = PBXBuildFile; fileRef = 1183B9B827EBA76C005493BD /* EndPoint.swift */; };
		1183B9C327EBA786005493BD /* APIManager.swift in Sources */ = {isa = PBXBuildFile; fileRef = 1183B9BF27EBA786005493BD /* APIManager.swift */; };
		1183B9C527EBA786005493BD /* APIWorker.swift in Sources */ = {isa = PBXBuildFile; fileRef = 1183B9C127EBA786005493BD /* APIWorker.swift */; };
		1183B9C727EBA7A2005493BD /* AppCoordinator.swift in Sources */ = {isa = PBXBuildFile; fileRef = 1183B9C627EBA7A2005493BD /* AppCoordinator.swift */; };
		1183B9CC27EBA81E005493BD /* FreeProgramsViewController.swift in Sources */ = {isa = PBXBuildFile; fileRef = 1183B9CB27EBA81E005493BD /* FreeProgramsViewController.swift */; };
		1183B9CE27EBA82F005493BD /* FreeProgramsPresenter.swift in Sources */ = {isa = PBXBuildFile; fileRef = 1183B9CD27EBA82F005493BD /* FreeProgramsPresenter.swift */; };
		1183B9D027EBA83D005493BD /* FreeProgramsCoordinator.swift in Sources */ = {isa = PBXBuildFile; fileRef = 1183B9CF27EBA83D005493BD /* FreeProgramsCoordinator.swift */; };
		1183B9D227EBA848005493BD /* FreeProgramsInteractor.swift in Sources */ = {isa = PBXBuildFile; fileRef = 1183B9D127EBA848005493BD /* FreeProgramsInteractor.swift */; };
		1183B9D627EBAAA3005493BD /* FreePrograms.swift in Sources */ = {isa = PBXBuildFile; fileRef = 1183B9D527EBAAA3005493BD /* FreePrograms.swift */; };
		1183B9D927EBADE9005493BD /* FreeProgramTableViewCell.swift in Sources */ = {isa = PBXBuildFile; fileRef = 1183B9D727EBADE9005493BD /* FreeProgramTableViewCell.swift */; };
		1183B9DA27EBADE9005493BD /* FreeProgramTableViewCell.xib in Resources */ = {isa = PBXBuildFile; fileRef = 1183B9D827EBADE9005493BD /* FreeProgramTableViewCell.xib */; };
		1183B9DC27EC3E11005493BD /* FreePrograms+EndPoint.swift in Sources */ = {isa = PBXBuildFile; fileRef = 1183B9DB27EC3E11005493BD /* FreePrograms+EndPoint.swift */; };
		1183B9DE27EC3E8C005493BD /* APIWorker+FreePrograms.swift in Sources */ = {isa = PBXBuildFile; fileRef = 1183B9DD27EC3E8C005493BD /* APIWorker+FreePrograms.swift */; };
		1183B9E127EC7205005493BD /* TracksViewController.swift in Sources */ = {isa = PBXBuildFile; fileRef = 1183B9E027EC7205005493BD /* TracksViewController.swift */; };
		1183B9E327EC7211005493BD /* TracksPresenter.swift in Sources */ = {isa = PBXBuildFile; fileRef = 1183B9E227EC7211005493BD /* TracksPresenter.swift */; };
		1183B9E527EC7220005493BD /* TracksCoordinator.swift in Sources */ = {isa = PBXBuildFile; fileRef = 1183B9E427EC7220005493BD /* TracksCoordinator.swift */; };
		1183B9E727EC722C005493BD /* TracksInteractor.swift in Sources */ = {isa = PBXBuildFile; fileRef = 1183B9E627EC722C005493BD /* TracksInteractor.swift */; };
		1183B9EC27EC73D1005493BD /* TrackTableViewCell.swift in Sources */ = {isa = PBXBuildFile; fileRef = 1183B9EA27EC73D1005493BD /* TrackTableViewCell.swift */; };
		1183B9ED27EC73D1005493BD /* TrackTableViewCell.xib in Resources */ = {isa = PBXBuildFile; fileRef = 1183B9EB27EC73D1005493BD /* TrackTableViewCell.xib */; };
		523226AAA18C785D304EC37E /* Pods_iawake_iawakeUITests.framework in Frameworks */ = {isa = PBXBuildFile; fileRef = D5D9FE8F7D65E5E414E8ADA5 /* Pods_iawake_iawakeUITests.framework */; };
/* End PBXBuildFile section */

/* Begin PBXContainerItemProxy section */
		1183B98A27EBA20D005493BD /* PBXContainerItemProxy */ = {
			isa = PBXContainerItemProxy;
			containerPortal = 1183B96B27EBA209005493BD /* Project object */;
			proxyType = 1;
			remoteGlobalIDString = 1183B97227EBA209005493BD;
			remoteInfo = iawake;
		};
		1183B99427EBA20D005493BD /* PBXContainerItemProxy */ = {
			isa = PBXContainerItemProxy;
			containerPortal = 1183B96B27EBA209005493BD /* Project object */;
			proxyType = 1;
			remoteGlobalIDString = 1183B97227EBA209005493BD;
			remoteInfo = iawake;
		};
/* End PBXContainerItemProxy section */

/* Begin PBXFileReference section */
		1183B97327EBA209005493BD /* iawake.app */ = {isa = PBXFileReference; explicitFileType = wrapper.application; includeInIndex = 0; path = iawake.app; sourceTree = BUILT_PRODUCTS_DIR; };
		1183B97627EBA209005493BD /* AppDelegate.swift */ = {isa = PBXFileReference; lastKnownFileType = sourcecode.swift; path = AppDelegate.swift; sourceTree = "<group>"; };
		1183B97827EBA209005493BD /* SceneDelegate.swift */ = {isa = PBXFileReference; lastKnownFileType = sourcecode.swift; path = SceneDelegate.swift; sourceTree = "<group>"; };
		1183B97D27EBA209005493BD /* Base */ = {isa = PBXFileReference; lastKnownFileType = file.storyboard; name = Base; path = Base.lproj/Main.storyboard; sourceTree = "<group>"; };
		1183B97F27EBA20D005493BD /* Assets.xcassets */ = {isa = PBXFileReference; lastKnownFileType = folder.assetcatalog; path = Assets.xcassets; sourceTree = "<group>"; };
		1183B98227EBA20D005493BD /* Base */ = {isa = PBXFileReference; lastKnownFileType = file.storyboard; name = Base; path = Base.lproj/LaunchScreen.storyboard; sourceTree = "<group>"; };
		1183B98427EBA20D005493BD /* Info.plist */ = {isa = PBXFileReference; lastKnownFileType = text.plist.xml; path = Info.plist; sourceTree = "<group>"; };
		1183B98927EBA20D005493BD /* iawakeTests.xctest */ = {isa = PBXFileReference; explicitFileType = wrapper.cfbundle; includeInIndex = 0; path = iawakeTests.xctest; sourceTree = BUILT_PRODUCTS_DIR; };
		1183B98D27EBA20D005493BD /* iawakeTests.swift */ = {isa = PBXFileReference; lastKnownFileType = sourcecode.swift; path = iawakeTests.swift; sourceTree = "<group>"; };
		1183B99327EBA20D005493BD /* iawakeUITests.xctest */ = {isa = PBXFileReference; explicitFileType = wrapper.cfbundle; includeInIndex = 0; path = iawakeUITests.xctest; sourceTree = BUILT_PRODUCTS_DIR; };
		1183B99727EBA20D005493BD /* iawakeUITests.swift */ = {isa = PBXFileReference; lastKnownFileType = sourcecode.swift; path = iawakeUITests.swift; sourceTree = "<group>"; };
		1183B99927EBA20D005493BD /* iawakeUITestsLaunchTests.swift */ = {isa = PBXFileReference; lastKnownFileType = sourcecode.swift; path = iawakeUITestsLaunchTests.swift; sourceTree = "<group>"; };
		1183B9AF27EBA74F005493BD /* URLRequest+Assessment.swift */ = {isa = PBXFileReference; fileEncoding = 4; lastKnownFileType = sourcecode.swift; path = "URLRequest+Assessment.swift"; sourceTree = "<group>"; };
		1183B9B027EBA74F005493BD /* UIViewController+Assessment.swift */ = {isa = PBXFileReference; fileEncoding = 4; lastKnownFileType = sourcecode.swift; path = "UIViewController+Assessment.swift"; sourceTree = "<group>"; };
		1183B9B227EBA74F005493BD /* UIView+Assessment.swift */ = {isa = PBXFileReference; fileEncoding = 4; lastKnownFileType = sourcecode.swift; path = "UIView+Assessment.swift"; sourceTree = "<group>"; };
		1183B9B827EBA76C005493BD /* EndPoint.swift */ = {isa = PBXFileReference; fileEncoding = 4; lastKnownFileType = sourcecode.swift; path = EndPoint.swift; sourceTree = "<group>"; };
		1183B9BF27EBA786005493BD /* APIManager.swift */ = {isa = PBXFileReference; fileEncoding = 4; lastKnownFileType = sourcecode.swift; path = APIManager.swift; sourceTree = "<group>"; };
		1183B9C127EBA786005493BD /* APIWorker.swift */ = {isa = PBXFileReference; fileEncoding = 4; lastKnownFileType = sourcecode.swift; path = APIWorker.swift; sourceTree = "<group>"; };
		1183B9C627EBA7A2005493BD /* AppCoordinator.swift */ = {isa = PBXFileReference; fileEncoding = 4; lastKnownFileType = sourcecode.swift; path = AppCoordinator.swift; sourceTree = "<group>"; };
		1183B9CB27EBA81E005493BD /* FreeProgramsViewController.swift */ = {isa = PBXFileReference; lastKnownFileType = sourcecode.swift; path = FreeProgramsViewController.swift; sourceTree = "<group>"; };
		1183B9CD27EBA82F005493BD /* FreeProgramsPresenter.swift */ = {isa = PBXFileReference; lastKnownFileType = sourcecode.swift; path = FreeProgramsPresenter.swift; sourceTree = "<group>"; };
		1183B9CF27EBA83D005493BD /* FreeProgramsCoordinator.swift */ = {isa = PBXFileReference; lastKnownFileType = sourcecode.swift; path = FreeProgramsCoordinator.swift; sourceTree = "<group>"; };
		1183B9D127EBA848005493BD /* FreeProgramsInteractor.swift */ = {isa = PBXFileReference; lastKnownFileType = sourcecode.swift; path = FreeProgramsInteractor.swift; sourceTree = "<group>"; };
		1183B9D527EBAAA3005493BD /* FreePrograms.swift */ = {isa = PBXFileReference; lastKnownFileType = sourcecode.swift; path = FreePrograms.swift; sourceTree = "<group>"; };
		1183B9D727EBADE9005493BD /* FreeProgramTableViewCell.swift */ = {isa = PBXFileReference; lastKnownFileType = sourcecode.swift; path = FreeProgramTableViewCell.swift; sourceTree = "<group>"; };
		1183B9D827EBADE9005493BD /* FreeProgramTableViewCell.xib */ = {isa = PBXFileReference; lastKnownFileType = file.xib; path = FreeProgramTableViewCell.xib; sourceTree = "<group>"; };
		1183B9DB27EC3E11005493BD /* FreePrograms+EndPoint.swift */ = {isa = PBXFileReference; lastKnownFileType = sourcecode.swift; path = "FreePrograms+EndPoint.swift"; sourceTree = "<group>"; };
		1183B9DD27EC3E8C005493BD /* APIWorker+FreePrograms.swift */ = {isa = PBXFileReference; lastKnownFileType = sourcecode.swift; path = "APIWorker+FreePrograms.swift"; sourceTree = "<group>"; };
		1183B9E027EC7205005493BD /* TracksViewController.swift */ = {isa = PBXFileReference; lastKnownFileType = sourcecode.swift; path = TracksViewController.swift; sourceTree = "<group>"; };
		1183B9E227EC7211005493BD /* TracksPresenter.swift */ = {isa = PBXFileReference; lastKnownFileType = sourcecode.swift; path = TracksPresenter.swift; sourceTree = "<group>"; };
		1183B9E427EC7220005493BD /* TracksCoordinator.swift */ = {isa = PBXFileReference; lastKnownFileType = sourcecode.swift; path = TracksCoordinator.swift; sourceTree = "<group>"; };
		1183B9E627EC722C005493BD /* TracksInteractor.swift */ = {isa = PBXFileReference; lastKnownFileType = sourcecode.swift; path = TracksInteractor.swift; sourceTree = "<group>"; };
		1183B9EA27EC73D1005493BD /* TrackTableViewCell.swift */ = {isa = PBXFileReference; lastKnownFileType = sourcecode.swift; path = TrackTableViewCell.swift; sourceTree = "<group>"; };
		1183B9EB27EC73D1005493BD /* TrackTableViewCell.xib */ = {isa = PBXFileReference; lastKnownFileType = file.xib; path = TrackTableViewCell.xib; sourceTree = "<group>"; };
		231B56CA4835A44BAFDCF7C6 /* Pods-iawakeTests.release.xcconfig */ = {isa = PBXFileReference; includeInIndex = 1; lastKnownFileType = text.xcconfig; name = "Pods-iawakeTests.release.xcconfig"; path = "Target Support Files/Pods-iawakeTests/Pods-iawakeTests.release.xcconfig"; sourceTree = "<group>"; };
		2A5AB3E2CD1AA1646392755F /* Pods_iawake.framework */ = {isa = PBXFileReference; explicitFileType = wrapper.framework; includeInIndex = 0; path = Pods_iawake.framework; sourceTree = BUILT_PRODUCTS_DIR; };
		55239560609715C2E28A82E0 /* Pods-iawake-iawakeUITests.release.xcconfig */ = {isa = PBXFileReference; includeInIndex = 1; lastKnownFileType = text.xcconfig; name = "Pods-iawake-iawakeUITests.release.xcconfig"; path = "Target Support Files/Pods-iawake-iawakeUITests/Pods-iawake-iawakeUITests.release.xcconfig"; sourceTree = "<group>"; };
		593D6A4DB9E3316D0EE9146D /* Pods-iawake.debug.xcconfig */ = {isa = PBXFileReference; includeInIndex = 1; lastKnownFileType = text.xcconfig; name = "Pods-iawake.debug.xcconfig"; path = "Target Support Files/Pods-iawake/Pods-iawake.debug.xcconfig"; sourceTree = "<group>"; };
		72CD85DBD1232FDF0E777B9D /* Pods-iawakeTests.debug.xcconfig */ = {isa = PBXFileReference; includeInIndex = 1; lastKnownFileType = text.xcconfig; name = "Pods-iawakeTests.debug.xcconfig"; path = "Target Support Files/Pods-iawakeTests/Pods-iawakeTests.debug.xcconfig"; sourceTree = "<group>"; };
		8D922DD85C83D2BDF4695C39 /* Pods-iawake.release.xcconfig */ = {isa = PBXFileReference; includeInIndex = 1; lastKnownFileType = text.xcconfig; name = "Pods-iawake.release.xcconfig"; path = "Target Support Files/Pods-iawake/Pods-iawake.release.xcconfig"; sourceTree = "<group>"; };
		BDE4A636308CDE654F4330F5 /* Pods_iawakeTests.framework */ = {isa = PBXFileReference; explicitFileType = wrapper.framework; includeInIndex = 0; path = Pods_iawakeTests.framework; sourceTree = BUILT_PRODUCTS_DIR; };
		D5D9FE8F7D65E5E414E8ADA5 /* Pods_iawake_iawakeUITests.framework */ = {isa = PBXFileReference; explicitFileType = wrapper.framework; includeInIndex = 0; path = Pods_iawake_iawakeUITests.framework; sourceTree = BUILT_PRODUCTS_DIR; };
		D9E18230F8855E0D7E1DC4F2 /* Pods-iawake-iawakeUITests.debug.xcconfig */ = {isa = PBXFileReference; includeInIndex = 1; lastKnownFileType = text.xcconfig; name = "Pods-iawake-iawakeUITests.debug.xcconfig"; path = "Target Support Files/Pods-iawake-iawakeUITests/Pods-iawake-iawakeUITests.debug.xcconfig"; sourceTree = "<group>"; };
/* End PBXFileReference section */

/* Begin PBXFrameworksBuildPhase section */
		1183B97027EBA209005493BD /* Frameworks */ = {
			isa = PBXFrameworksBuildPhase;
			buildActionMask = 2147483647;
			files = (
				08A3D1F50D7EEC3E86C1F80B /* Pods_iawake.framework in Frameworks */,
			);
			runOnlyForDeploymentPostprocessing = 0;
		};
		1183B98627EBA20D005493BD /* Frameworks */ = {
			isa = PBXFrameworksBuildPhase;
			buildActionMask = 2147483647;
			files = (
				0FC8F3A1821346F77340D236 /* Pods_iawakeTests.framework in Frameworks */,
			);
			runOnlyForDeploymentPostprocessing = 0;
		};
		1183B99027EBA20D005493BD /* Frameworks */ = {
			isa = PBXFrameworksBuildPhase;
			buildActionMask = 2147483647;
			files = (
				523226AAA18C785D304EC37E /* Pods_iawake_iawakeUITests.framework in Frameworks */,
			);
			runOnlyForDeploymentPostprocessing = 0;
		};
/* End PBXFrameworksBuildPhase section */

/* Begin PBXGroup section */
		06B8D71968A0752308ECCB5F /* Pods */ = {
			isa = PBXGroup;
			children = (
				593D6A4DB9E3316D0EE9146D /* Pods-iawake.debug.xcconfig */,
				8D922DD85C83D2BDF4695C39 /* Pods-iawake.release.xcconfig */,
				D9E18230F8855E0D7E1DC4F2 /* Pods-iawake-iawakeUITests.debug.xcconfig */,
				55239560609715C2E28A82E0 /* Pods-iawake-iawakeUITests.release.xcconfig */,
				72CD85DBD1232FDF0E777B9D /* Pods-iawakeTests.debug.xcconfig */,
				231B56CA4835A44BAFDCF7C6 /* Pods-iawakeTests.release.xcconfig */,
			);
			path = Pods;
			sourceTree = "<group>";
		};
		1183B96A27EBA209005493BD = {
			isa = PBXGroup;
			children = (
				1183B97527EBA209005493BD /* iawake */,
				1183B98C27EBA20D005493BD /* iawakeTests */,
				1183B99627EBA20D005493BD /* iawakeUITests */,
				1183B97427EBA209005493BD /* Products */,
				06B8D71968A0752308ECCB5F /* Pods */,
				6B3AD379A20FB0CDCC0C0991 /* Frameworks */,
			);
			sourceTree = "<group>";
		};
		1183B97427EBA209005493BD /* Products */ = {
			isa = PBXGroup;
			children = (
				1183B97327EBA209005493BD /* iawake.app */,
				1183B98927EBA20D005493BD /* iawakeTests.xctest */,
				1183B99327EBA20D005493BD /* iawakeUITests.xctest */,
			);
			name = Products;
			sourceTree = "<group>";
		};
		1183B97527EBA209005493BD /* iawake */ = {
			isa = PBXGroup;
			children = (
				1183B9AA27EBA6BA005493BD /* Application */,
				1183B9A927EBA6B2005493BD /* Models */,
				1183B9A727EBA693005493BD /* Network */,
				1183B9A627EBA68A005493BD /* Extensions */,
				1183B9AC27EBA6D9005493BD /* Assets */,
			);
			path = iawake;
			sourceTree = "<group>";
		};
		1183B98C27EBA20D005493BD /* iawakeTests */ = {
			isa = PBXGroup;
			children = (
				1183B98D27EBA20D005493BD /* iawakeTests.swift */,
			);
			path = iawakeTests;
			sourceTree = "<group>";
		};
		1183B99627EBA20D005493BD /* iawakeUITests */ = {
			isa = PBXGroup;
			children = (
				1183B99727EBA20D005493BD /* iawakeUITests.swift */,
				1183B99927EBA20D005493BD /* iawakeUITestsLaunchTests.swift */,
			);
			path = iawakeUITests;
			sourceTree = "<group>";
		};
		1183B9A627EBA68A005493BD /* Extensions */ = {
			isa = PBXGroup;
			children = (
				1183B9B227EBA74F005493BD /* UIView+Assessment.swift */,
				1183B9B027EBA74F005493BD /* UIViewController+Assessment.swift */,
				1183B9AF27EBA74F005493BD /* URLRequest+Assessment.swift */,
			);
			path = Extensions;
			sourceTree = "<group>";
		};
		1183B9A727EBA693005493BD /* Network */ = {
			isa = PBXGroup;
			children = (
				1183B9A827EBA6A4005493BD /* EndPoint */,
				1183B9BF27EBA786005493BD /* APIManager.swift */,
				1183B9C127EBA786005493BD /* APIWorker.swift */,
				1183B9DD27EC3E8C005493BD /* APIWorker+FreePrograms.swift */,
			);
			path = Network;
			sourceTree = "<group>";
		};
		1183B9A827EBA6A4005493BD /* EndPoint */ = {
			isa = PBXGroup;
			children = (
				1183B9B827EBA76C005493BD /* EndPoint.swift */,
				1183B9DB27EC3E11005493BD /* FreePrograms+EndPoint.swift */,
			);
			path = EndPoint;
			sourceTree = "<group>";
		};
		1183B9A927EBA6B2005493BD /* Models */ = {
			isa = PBXGroup;
			children = (
				1183B9D527EBAAA3005493BD /* FreePrograms.swift */,
			);
			path = Models;
			sourceTree = "<group>";
		};
		1183B9AA27EBA6BA005493BD /* Application */ = {
			isa = PBXGroup;
			children = (
				1183B9AD27EBA705005493BD /* App Delegate */,
				1183B9AB27EBA6C2005493BD /* Storyboards */,
				1183B9C827EBA7DB005493BD /* UIViewControllers */,
			);
			path = Application;
			sourceTree = "<group>";
		};
		1183B9AB27EBA6C2005493BD /* Storyboards */ = {
			isa = PBXGroup;
			children = (
				1183B98127EBA20D005493BD /* LaunchScreen.storyboard */,
				1183B97C27EBA209005493BD /* Main.storyboard */,
			);
			path = Storyboards;
			sourceTree = "<group>";
		};
		1183B9AC27EBA6D9005493BD /* Assets */ = {
			isa = PBXGroup;
			children = (
				1183B97F27EBA20D005493BD /* Assets.xcassets */,
				1183B98427EBA20D005493BD /* Info.plist */,
			);
			path = Assets;
			sourceTree = "<group>";
		};
		1183B9AD27EBA705005493BD /* App Delegate */ = {
			isa = PBXGroup;
			children = (
				1183B9C627EBA7A2005493BD /* AppCoordinator.swift */,
				1183B97627EBA209005493BD /* AppDelegate.swift */,
				1183B97827EBA209005493BD /* SceneDelegate.swift */,
			);
			path = "App Delegate";
			sourceTree = "<group>";
		};
		1183B9C827EBA7DB005493BD /* UIViewControllers */ = {
			isa = PBXGroup;
			children = (
				1183B9CA27EBA7F4005493BD /* Free Programs */,
				1183B9DF27EC71ED005493BD /* Tracks */,
			);
			path = UIViewControllers;
			sourceTree = "<group>";
		};
		1183B9CA27EBA7F4005493BD /* Free Programs */ = {
			isa = PBXGroup;
			children = (
				1183B9CD27EBA82F005493BD /* FreeProgramsPresenter.swift */,
				1183B9CF27EBA83D005493BD /* FreeProgramsCoordinator.swift */,
				1183B9CB27EBA81E005493BD /* FreeProgramsViewController.swift */,
				1183B9D127EBA848005493BD /* FreeProgramsInteractor.swift */,
				1183B9D327EBA857005493BD /* Views */,
			);
			path = "Free Programs";
			sourceTree = "<group>";
		};
		1183B9D327EBA857005493BD /* Views */ = {
			isa = PBXGroup;
			children = (
				1183B9D427EBA85D005493BD /* Cells */,
			);
			path = Views;
			sourceTree = "<group>";
		};
		1183B9D427EBA85D005493BD /* Cells */ = {
			isa = PBXGroup;
			children = (
				1183B9D727EBADE9005493BD /* FreeProgramTableViewCell.swift */,
				1183B9D827EBADE9005493BD /* FreeProgramTableViewCell.xib */,
			);
			path = Cells;
			sourceTree = "<group>";
		};
		1183B9DF27EC71ED005493BD /* Tracks */ = {
			isa = PBXGroup;
			children = (
				1183B9E227EC7211005493BD /* TracksPresenter.swift */,
				1183B9E027EC7205005493BD /* TracksViewController.swift */,
				1183B9E427EC7220005493BD /* TracksCoordinator.swift */,
				1183B9E627EC722C005493BD /* TracksInteractor.swift */,
				1183B9E827EC73B6005493BD /* Views */,
			);
			path = Tracks;
			sourceTree = "<group>";
		};
		1183B9E827EC73B6005493BD /* Views */ = {
			isa = PBXGroup;
			children = (
				1183B9E927EC73BC005493BD /* Cells */,
			);
			path = Views;
			sourceTree = "<group>";
		};
		1183B9E927EC73BC005493BD /* Cells */ = {
			isa = PBXGroup;
			children = (
				1183B9EA27EC73D1005493BD /* TrackTableViewCell.swift */,
				1183B9EB27EC73D1005493BD /* TrackTableViewCell.xib */,
			);
			path = Cells;
			sourceTree = "<group>";
		};
		6B3AD379A20FB0CDCC0C0991 /* Frameworks */ = {
			isa = PBXGroup;
			children = (
				2A5AB3E2CD1AA1646392755F /* Pods_iawake.framework */,
				D5D9FE8F7D65E5E414E8ADA5 /* Pods_iawake_iawakeUITests.framework */,
				BDE4A636308CDE654F4330F5 /* Pods_iawakeTests.framework */,
			);
			name = Frameworks;
			sourceTree = "<group>";
		};
/* End PBXGroup section */

/* Begin PBXNativeTarget section */
		1183B97227EBA209005493BD /* iawake */ = {
			isa = PBXNativeTarget;
			buildConfigurationList = 1183B99D27EBA20D005493BD /* Build configuration list for PBXNativeTarget "iawake" */;
			buildPhases = (
				0DF19ED893734A9882913DA0 /* [CP] Check Pods Manifest.lock */,
				1183B96F27EBA209005493BD /* Sources */,
				1183B97027EBA209005493BD /* Frameworks */,
				1183B97127EBA209005493BD /* Resources */,
				D8382CE9DD17F3FAFCDB5F98 /* [CP] Embed Pods Frameworks */,
			);
			buildRules = (
			);
			dependencies = (
			);
			name = iawake;
			productName = iawake;
			productReference = 1183B97327EBA209005493BD /* iawake.app */;
			productType = "com.apple.product-type.application";
		};
		1183B98827EBA20D005493BD /* iawakeTests */ = {
			isa = PBXNativeTarget;
			buildConfigurationList = 1183B9A027EBA20D005493BD /* Build configuration list for PBXNativeTarget "iawakeTests" */;
			buildPhases = (
				DABDD04168D19D6D08B68C9A /* [CP] Check Pods Manifest.lock */,
				1183B98527EBA20D005493BD /* Sources */,
				1183B98627EBA20D005493BD /* Frameworks */,
				1183B98727EBA20D005493BD /* Resources */,
			);
			buildRules = (
			);
			dependencies = (
				1183B98B27EBA20D005493BD /* PBXTargetDependency */,
			);
			name = iawakeTests;
			productName = iawakeTests;
			productReference = 1183B98927EBA20D005493BD /* iawakeTests.xctest */;
			productType = "com.apple.product-type.bundle.unit-test";
		};
		1183B99227EBA20D005493BD /* iawakeUITests */ = {
			isa = PBXNativeTarget;
			buildConfigurationList = 1183B9A327EBA20D005493BD /* Build configuration list for PBXNativeTarget "iawakeUITests" */;
			buildPhases = (
				6FA51DA58968603798A5559B /* [CP] Check Pods Manifest.lock */,
				1183B98F27EBA20D005493BD /* Sources */,
				1183B99027EBA20D005493BD /* Frameworks */,
				1183B99127EBA20D005493BD /* Resources */,
				2E303EECB6D869A71B4AD57A /* [CP] Embed Pods Frameworks */,
			);
			buildRules = (
			);
			dependencies = (
				1183B99527EBA20D005493BD /* PBXTargetDependency */,
			);
			name = iawakeUITests;
			productName = iawakeUITests;
			productReference = 1183B99327EBA20D005493BD /* iawakeUITests.xctest */;
			productType = "com.apple.product-type.bundle.ui-testing";
		};
/* End PBXNativeTarget section */

/* Begin PBXProject section */
		1183B96B27EBA209005493BD /* Project object */ = {
			isa = PBXProject;
			attributes = {
				BuildIndependentTargetsInParallel = 1;
				LastSwiftUpdateCheck = 1320;
				LastUpgradeCheck = 1320;
				TargetAttributes = {
					1183B97227EBA209005493BD = {
						CreatedOnToolsVersion = 13.2.1;
					};
					1183B98827EBA20D005493BD = {
						CreatedOnToolsVersion = 13.2.1;
						TestTargetID = 1183B97227EBA209005493BD;
					};
					1183B99227EBA20D005493BD = {
						CreatedOnToolsVersion = 13.2.1;
						TestTargetID = 1183B97227EBA209005493BD;
					};
				};
			};
			buildConfigurationList = 1183B96E27EBA209005493BD /* Build configuration list for PBXProject "iawake" */;
			compatibilityVersion = "Xcode 13.0";
			developmentRegion = en;
			hasScannedForEncodings = 0;
			knownRegions = (
				en,
				Base,
			);
			mainGroup = 1183B96A27EBA209005493BD;
			productRefGroup = 1183B97427EBA209005493BD /* Products */;
			projectDirPath = "";
			projectRoot = "";
			targets = (
				1183B97227EBA209005493BD /* iawake */,
				1183B98827EBA20D005493BD /* iawakeTests */,
				1183B99227EBA20D005493BD /* iawakeUITests */,
			);
		};
/* End PBXProject section */

/* Begin PBXResourcesBuildPhase section */
		1183B97127EBA209005493BD /* Resources */ = {
			isa = PBXResourcesBuildPhase;
			buildActionMask = 2147483647;
			files = (
				1183B98327EBA20D005493BD /* LaunchScreen.storyboard in Resources */,
				1183B98027EBA20D005493BD /* Assets.xcassets in Resources */,
				1183B9DA27EBADE9005493BD /* FreeProgramTableViewCell.xib in Resources */,
				1183B9ED27EC73D1005493BD /* TrackTableViewCell.xib in Resources */,
				1183B97E27EBA209005493BD /* Main.storyboard in Resources */,
			);
			runOnlyForDeploymentPostprocessing = 0;
		};
		1183B98727EBA20D005493BD /* Resources */ = {
			isa = PBXResourcesBuildPhase;
			buildActionMask = 2147483647;
			files = (
			);
			runOnlyForDeploymentPostprocessing = 0;
		};
		1183B99127EBA20D005493BD /* Resources */ = {
			isa = PBXResourcesBuildPhase;
			buildActionMask = 2147483647;
			files = (
			);
			runOnlyForDeploymentPostprocessing = 0;
		};
/* End PBXResourcesBuildPhase section */

/* Begin PBXShellScriptBuildPhase section */
		0DF19ED893734A9882913DA0 /* [CP] Check Pods Manifest.lock */ = {
			isa = PBXShellScriptBuildPhase;
			buildActionMask = 2147483647;
			files = (
			);
			inputFileListPaths = (
			);
			inputPaths = (
				"${PODS_PODFILE_DIR_PATH}/Podfile.lock",
				"${PODS_ROOT}/Manifest.lock",
			);
			name = "[CP] Check Pods Manifest.lock";
			outputFileListPaths = (
			);
			outputPaths = (
				"$(DERIVED_FILE_DIR)/Pods-iawake-checkManifestLockResult.txt",
			);
			runOnlyForDeploymentPostprocessing = 0;
			shellPath = /bin/sh;
			shellScript = "diff \"${PODS_PODFILE_DIR_PATH}/Podfile.lock\" \"${PODS_ROOT}/Manifest.lock\" > /dev/null\nif [ $? != 0 ] ; then\n    # print error to STDERR\n    echo \"error: The sandbox is not in sync with the Podfile.lock. Run 'pod install' or update your CocoaPods installation.\" >&2\n    exit 1\nfi\n# This output is used by Xcode 'outputs' to avoid re-running this script phase.\necho \"SUCCESS\" > \"${SCRIPT_OUTPUT_FILE_0}\"\n";
			showEnvVarsInLog = 0;
		};
		2E303EECB6D869A71B4AD57A /* [CP] Embed Pods Frameworks */ = {
			isa = PBXShellScriptBuildPhase;
			buildActionMask = 2147483647;
			files = (
			);
			inputFileListPaths = (
				"${PODS_ROOT}/Target Support Files/Pods-iawake-iawakeUITests/Pods-iawake-iawakeUITests-frameworks-${CONFIGURATION}-input-files.xcfilelist",
			);
			name = "[CP] Embed Pods Frameworks";
			outputFileListPaths = (
				"${PODS_ROOT}/Target Support Files/Pods-iawake-iawakeUITests/Pods-iawake-iawakeUITests-frameworks-${CONFIGURATION}-output-files.xcfilelist",
			);
			runOnlyForDeploymentPostprocessing = 0;
			shellPath = /bin/sh;
			shellScript = "\"${PODS_ROOT}/Target Support Files/Pods-iawake-iawakeUITests/Pods-iawake-iawakeUITests-frameworks.sh\"\n";
			showEnvVarsInLog = 0;
		};
		6FA51DA58968603798A5559B /* [CP] Check Pods Manifest.lock */ = {
			isa = PBXShellScriptBuildPhase;
			buildActionMask = 2147483647;
			files = (
			);
			inputFileListPaths = (
			);
			inputPaths = (
				"${PODS_PODFILE_DIR_PATH}/Podfile.lock",
				"${PODS_ROOT}/Manifest.lock",
			);
			name = "[CP] Check Pods Manifest.lock";
			outputFileListPaths = (
			);
			outputPaths = (
				"$(DERIVED_FILE_DIR)/Pods-iawake-iawakeUITests-checkManifestLockResult.txt",
			);
			runOnlyForDeploymentPostprocessing = 0;
			shellPath = /bin/sh;
			shellScript = "diff \"${PODS_PODFILE_DIR_PATH}/Podfile.lock\" \"${PODS_ROOT}/Manifest.lock\" > /dev/null\nif [ $? != 0 ] ; then\n    # print error to STDERR\n    echo \"error: The sandbox is not in sync with the Podfile.lock. Run 'pod install' or update your CocoaPods installation.\" >&2\n    exit 1\nfi\n# This output is used by Xcode 'outputs' to avoid re-running this script phase.\necho \"SUCCESS\" > \"${SCRIPT_OUTPUT_FILE_0}\"\n";
			showEnvVarsInLog = 0;
		};
		D8382CE9DD17F3FAFCDB5F98 /* [CP] Embed Pods Frameworks */ = {
			isa = PBXShellScriptBuildPhase;
			buildActionMask = 2147483647;
			files = (
			);
			inputFileListPaths = (
				"${PODS_ROOT}/Target Support Files/Pods-iawake/Pods-iawake-frameworks-${CONFIGURATION}-input-files.xcfilelist",
			);
			name = "[CP] Embed Pods Frameworks";
			outputFileListPaths = (
				"${PODS_ROOT}/Target Support Files/Pods-iawake/Pods-iawake-frameworks-${CONFIGURATION}-output-files.xcfilelist",
			);
			runOnlyForDeploymentPostprocessing = 0;
			shellPath = /bin/sh;
			shellScript = "\"${PODS_ROOT}/Target Support Files/Pods-iawake/Pods-iawake-frameworks.sh\"\n";
			showEnvVarsInLog = 0;
		};
		DABDD04168D19D6D08B68C9A /* [CP] Check Pods Manifest.lock */ = {
			isa = PBXShellScriptBuildPhase;
			buildActionMask = 2147483647;
			files = (
			);
			inputFileListPaths = (
			);
			inputPaths = (
				"${PODS_PODFILE_DIR_PATH}/Podfile.lock",
				"${PODS_ROOT}/Manifest.lock",
			);
			name = "[CP] Check Pods Manifest.lock";
			outputFileListPaths = (
			);
			outputPaths = (
				"$(DERIVED_FILE_DIR)/Pods-iawakeTests-checkManifestLockResult.txt",
			);
			runOnlyForDeploymentPostprocessing = 0;
			shellPath = /bin/sh;
			shellScript = "diff \"${PODS_PODFILE_DIR_PATH}/Podfile.lock\" \"${PODS_ROOT}/Manifest.lock\" > /dev/null\nif [ $? != 0 ] ; then\n    # print error to STDERR\n    echo \"error: The sandbox is not in sync with the Podfile.lock. Run 'pod install' or update your CocoaPods installation.\" >&2\n    exit 1\nfi\n# This output is used by Xcode 'outputs' to avoid re-running this script phase.\necho \"SUCCESS\" > \"${SCRIPT_OUTPUT_FILE_0}\"\n";
			showEnvVarsInLog = 0;
		};
/* End PBXShellScriptBuildPhase section */

/* Begin PBXSourcesBuildPhase section */
		1183B96F27EBA209005493BD /* Sources */ = {
			isa = PBXSourcesBuildPhase;
			buildActionMask = 2147483647;
			files = (
				1183B9C327EBA786005493BD /* APIManager.swift in Sources */,
				1183B97727EBA209005493BD /* AppDelegate.swift in Sources */,
				1183B9B527EBA74F005493BD /* UIViewController+Assessment.swift in Sources */,
				1183B9BB27EBA76C005493BD /* EndPoint.swift in Sources */,
				1183B9D227EBA848005493BD /* FreeProgramsInteractor.swift in Sources */,
				1183B97927EBA209005493BD /* SceneDelegate.swift in Sources */,
				1183B9D027EBA83D005493BD /* FreeProgramsCoordinator.swift in Sources */,
				1183B9D627EBAAA3005493BD /* FreePrograms.swift in Sources */,
				1183B9DE27EC3E8C005493BD /* APIWorker+FreePrograms.swift in Sources */,
				1183B9E127EC7205005493BD /* TracksViewController.swift in Sources */,
				1183B9E327EC7211005493BD /* TracksPresenter.swift in Sources */,
				1183B9E527EC7220005493BD /* TracksCoordinator.swift in Sources */,
				1183B9B427EBA74F005493BD /* URLRequest+Assessment.swift in Sources */,
				1183B9E727EC722C005493BD /* TracksInteractor.swift in Sources */,
				1183B9D927EBADE9005493BD /* FreeProgramTableViewCell.swift in Sources */,
				1183B9CE27EBA82F005493BD /* FreeProgramsPresenter.swift in Sources */,
				1183B9C727EBA7A2005493BD /* AppCoordinator.swift in Sources */,
				1183B9C527EBA786005493BD /* APIWorker.swift in Sources */,
				1183B9DC27EC3E11005493BD /* FreePrograms+EndPoint.swift in Sources */,
				1183B9CC27EBA81E005493BD /* FreeProgramsViewController.swift in Sources */,
				1183B9B727EBA74F005493BD /* UIView+Assessment.swift in Sources */,
				1183B9EC27EC73D1005493BD /* TrackTableViewCell.swift in Sources */,
			);
			runOnlyForDeploymentPostprocessing = 0;
		};
		1183B98527EBA20D005493BD /* Sources */ = {
			isa = PBXSourcesBuildPhase;
			buildActionMask = 2147483647;
			files = (
				1183B98E27EBA20D005493BD /* iawakeTests.swift in Sources */,
			);
			runOnlyForDeploymentPostprocessing = 0;
		};
		1183B98F27EBA20D005493BD /* Sources */ = {
			isa = PBXSourcesBuildPhase;
			buildActionMask = 2147483647;
			files = (
				1183B99A27EBA20D005493BD /* iawakeUITestsLaunchTests.swift in Sources */,
				1183B99827EBA20D005493BD /* iawakeUITests.swift in Sources */,
			);
			runOnlyForDeploymentPostprocessing = 0;
		};
/* End PBXSourcesBuildPhase section */

/* Begin PBXTargetDependency section */
		1183B98B27EBA20D005493BD /* PBXTargetDependency */ = {
			isa = PBXTargetDependency;
			target = 1183B97227EBA209005493BD /* iawake */;
			targetProxy = 1183B98A27EBA20D005493BD /* PBXContainerItemProxy */;
		};
		1183B99527EBA20D005493BD /* PBXTargetDependency */ = {
			isa = PBXTargetDependency;
			target = 1183B97227EBA209005493BD /* iawake */;
			targetProxy = 1183B99427EBA20D005493BD /* PBXContainerItemProxy */;
		};
/* End PBXTargetDependency section */

/* Begin PBXVariantGroup section */
		1183B97C27EBA209005493BD /* Main.storyboard */ = {
			isa = PBXVariantGroup;
			children = (
				1183B97D27EBA209005493BD /* Base */,
			);
			name = Main.storyboard;
			sourceTree = "<group>";
		};
		1183B98127EBA20D005493BD /* LaunchScreen.storyboard */ = {
			isa = PBXVariantGroup;
			children = (
				1183B98227EBA20D005493BD /* Base */,
			);
			name = LaunchScreen.storyboard;
			sourceTree = "<group>";
		};
/* End PBXVariantGroup section */

/* Begin XCBuildConfiguration section */
		1183B99B27EBA20D005493BD /* Debug */ = {
			isa = XCBuildConfiguration;
			buildSettings = {
				ALWAYS_SEARCH_USER_PATHS = NO;
				CLANG_ANALYZER_NONNULL = YES;
				CLANG_ANALYZER_NUMBER_OBJECT_CONVERSION = YES_AGGRESSIVE;
				CLANG_CXX_LANGUAGE_STANDARD = "gnu++17";
				CLANG_CXX_LIBRARY = "libc++";
				CLANG_ENABLE_MODULES = YES;
				CLANG_ENABLE_OBJC_ARC = YES;
				CLANG_ENABLE_OBJC_WEAK = YES;
				CLANG_WARN_BLOCK_CAPTURE_AUTORELEASING = YES;
				CLANG_WARN_BOOL_CONVERSION = YES;
				CLANG_WARN_COMMA = YES;
				CLANG_WARN_CONSTANT_CONVERSION = YES;
				CLANG_WARN_DEPRECATED_OBJC_IMPLEMENTATIONS = YES;
				CLANG_WARN_DIRECT_OBJC_ISA_USAGE = YES_ERROR;
				CLANG_WARN_DOCUMENTATION_COMMENTS = YES;
				CLANG_WARN_EMPTY_BODY = YES;
				CLANG_WARN_ENUM_CONVERSION = YES;
				CLANG_WARN_INFINITE_RECURSION = YES;
				CLANG_WARN_INT_CONVERSION = YES;
				CLANG_WARN_NON_LITERAL_NULL_CONVERSION = YES;
				CLANG_WARN_OBJC_IMPLICIT_RETAIN_SELF = YES;
				CLANG_WARN_OBJC_LITERAL_CONVERSION = YES;
				CLANG_WARN_OBJC_ROOT_CLASS = YES_ERROR;
				CLANG_WARN_QUOTED_INCLUDE_IN_FRAMEWORK_HEADER = YES;
				CLANG_WARN_RANGE_LOOP_ANALYSIS = YES;
				CLANG_WARN_STRICT_PROTOTYPES = YES;
				CLANG_WARN_SUSPICIOUS_MOVE = YES;
				CLANG_WARN_UNGUARDED_AVAILABILITY = YES_AGGRESSIVE;
				CLANG_WARN_UNREACHABLE_CODE = YES;
				CLANG_WARN__DUPLICATE_METHOD_MATCH = YES;
				COPY_PHASE_STRIP = NO;
				DEBUG_INFORMATION_FORMAT = dwarf;
				ENABLE_STRICT_OBJC_MSGSEND = YES;
				ENABLE_TESTABILITY = YES;
				GCC_C_LANGUAGE_STANDARD = gnu11;
				GCC_DYNAMIC_NO_PIC = NO;
				GCC_NO_COMMON_BLOCKS = YES;
				GCC_OPTIMIZATION_LEVEL = 0;
				GCC_PREPROCESSOR_DEFINITIONS = (
					"DEBUG=1",
					"$(inherited)",
				);
				GCC_WARN_64_TO_32_BIT_CONVERSION = YES;
				GCC_WARN_ABOUT_RETURN_TYPE = YES_ERROR;
				GCC_WARN_UNDECLARED_SELECTOR = YES;
				GCC_WARN_UNINITIALIZED_AUTOS = YES_AGGRESSIVE;
				GCC_WARN_UNUSED_FUNCTION = YES;
				GCC_WARN_UNUSED_VARIABLE = YES;
				IPHONEOS_DEPLOYMENT_TARGET = 15.2;
				MTL_ENABLE_DEBUG_INFO = INCLUDE_SOURCE;
				MTL_FAST_MATH = YES;
				ONLY_ACTIVE_ARCH = YES;
				SDKROOT = iphoneos;
				SWIFT_ACTIVE_COMPILATION_CONDITIONS = DEBUG;
				SWIFT_OPTIMIZATION_LEVEL = "-Onone";
			};
			name = Debug;
		};
		1183B99C27EBA20D005493BD /* Release */ = {
			isa = XCBuildConfiguration;
			buildSettings = {
				ALWAYS_SEARCH_USER_PATHS = NO;
				CLANG_ANALYZER_NONNULL = YES;
				CLANG_ANALYZER_NUMBER_OBJECT_CONVERSION = YES_AGGRESSIVE;
				CLANG_CXX_LANGUAGE_STANDARD = "gnu++17";
				CLANG_CXX_LIBRARY = "libc++";
				CLANG_ENABLE_MODULES = YES;
				CLANG_ENABLE_OBJC_ARC = YES;
				CLANG_ENABLE_OBJC_WEAK = YES;
				CLANG_WARN_BLOCK_CAPTURE_AUTORELEASING = YES;
				CLANG_WARN_BOOL_CONVERSION = YES;
				CLANG_WARN_COMMA = YES;
				CLANG_WARN_CONSTANT_CONVERSION = YES;
				CLANG_WARN_DEPRECATED_OBJC_IMPLEMENTATIONS = YES;
				CLANG_WARN_DIRECT_OBJC_ISA_USAGE = YES_ERROR;
				CLANG_WARN_DOCUMENTATION_COMMENTS = YES;
				CLANG_WARN_EMPTY_BODY = YES;
				CLANG_WARN_ENUM_CONVERSION = YES;
				CLANG_WARN_INFINITE_RECURSION = YES;
				CLANG_WARN_INT_CONVERSION = YES;
				CLANG_WARN_NON_LITERAL_NULL_CONVERSION = YES;
				CLANG_WARN_OBJC_IMPLICIT_RETAIN_SELF = YES;
				CLANG_WARN_OBJC_LITERAL_CONVERSION = YES;
				CLANG_WARN_OBJC_ROOT_CLASS = YES_ERROR;
				CLANG_WARN_QUOTED_INCLUDE_IN_FRAMEWORK_HEADER = YES;
				CLANG_WARN_RANGE_LOOP_ANALYSIS = YES;
				CLANG_WARN_STRICT_PROTOTYPES = YES;
				CLANG_WARN_SUSPICIOUS_MOVE = YES;
				CLANG_WARN_UNGUARDED_AVAILABILITY = YES_AGGRESSIVE;
				CLANG_WARN_UNREACHABLE_CODE = YES;
				CLANG_WARN__DUPLICATE_METHOD_MATCH = YES;
				COPY_PHASE_STRIP = NO;
				DEBUG_INFORMATION_FORMAT = "dwarf-with-dsym";
				ENABLE_NS_ASSERTIONS = NO;
				ENABLE_STRICT_OBJC_MSGSEND = YES;
				GCC_C_LANGUAGE_STANDARD = gnu11;
				GCC_NO_COMMON_BLOCKS = YES;
				GCC_WARN_64_TO_32_BIT_CONVERSION = YES;
				GCC_WARN_ABOUT_RETURN_TYPE = YES_ERROR;
				GCC_WARN_UNDECLARED_SELECTOR = YES;
				GCC_WARN_UNINITIALIZED_AUTOS = YES_AGGRESSIVE;
				GCC_WARN_UNUSED_FUNCTION = YES;
				GCC_WARN_UNUSED_VARIABLE = YES;
				IPHONEOS_DEPLOYMENT_TARGET = 15.2;
				MTL_ENABLE_DEBUG_INFO = NO;
				MTL_FAST_MATH = YES;
				SDKROOT = iphoneos;
				SWIFT_COMPILATION_MODE = wholemodule;
				SWIFT_OPTIMIZATION_LEVEL = "-O";
				VALIDATE_PRODUCT = YES;
			};
			name = Release;
		};
		1183B99E27EBA20D005493BD /* Debug */ = {
			isa = XCBuildConfiguration;
			baseConfigurationReference = 593D6A4DB9E3316D0EE9146D /* Pods-iawake.debug.xcconfig */;
			buildSettings = {
				ASSETCATALOG_COMPILER_APPICON_NAME = AppIcon;
				ASSETCATALOG_COMPILER_GLOBAL_ACCENT_COLOR_NAME = AccentColor;
				CODE_SIGN_STYLE = Automatic;
				CURRENT_PROJECT_VERSION = 1;
				GENERATE_INFOPLIST_FILE = YES;
				INFOPLIST_FILE = iawake/Assets/Info.plist;
				INFOPLIST_KEY_UIApplicationSupportsIndirectInputEvents = YES;
				INFOPLIST_KEY_UILaunchStoryboardName = LaunchScreen;
				INFOPLIST_KEY_UIMainStoryboardFile = Main;
				INFOPLIST_KEY_UISupportedInterfaceOrientations_iPad = "UIInterfaceOrientationPortrait UIInterfaceOrientationPortraitUpsideDown UIInterfaceOrientationLandscapeLeft UIInterfaceOrientationLandscapeRight";
				INFOPLIST_KEY_UISupportedInterfaceOrientations_iPhone = "UIInterfaceOrientationPortrait UIInterfaceOrientationLandscapeLeft UIInterfaceOrientationLandscapeRight";
				IPHONEOS_DEPLOYMENT_TARGET = 13.0;
				LD_RUNPATH_SEARCH_PATHS = (
					"$(inherited)",
					"@executable_path/Frameworks",
				);
				MARKETING_VERSION = 1.0;
				PRODUCT_BUNDLE_IDENTIFIER = com.organization.iawake;
				PRODUCT_NAME = "$(TARGET_NAME)";
				SWIFT_EMIT_LOC_STRINGS = YES;
				SWIFT_VERSION = 5.0;
				TARGETED_DEVICE_FAMILY = "1,2";
			};
			name = Debug;
		};
		1183B99F27EBA20D005493BD /* Release */ = {
			isa = XCBuildConfiguration;
			baseConfigurationReference = 8D922DD85C83D2BDF4695C39 /* Pods-iawake.release.xcconfig */;
			buildSettings = {
				ASSETCATALOG_COMPILER_APPICON_NAME = AppIcon;
				ASSETCATALOG_COMPILER_GLOBAL_ACCENT_COLOR_NAME = AccentColor;
				CODE_SIGN_STYLE = Automatic;
				CURRENT_PROJECT_VERSION = 1;
				GENERATE_INFOPLIST_FILE = YES;
				INFOPLIST_FILE = iawake/Assets/Info.plist;
				INFOPLIST_KEY_UIApplicationSupportsIndirectInputEvents = YES;
				INFOPLIST_KEY_UILaunchStoryboardName = LaunchScreen;
				INFOPLIST_KEY_UIMainStoryboardFile = Main;
				INFOPLIST_KEY_UISupportedInterfaceOrientations_iPad = "UIInterfaceOrientationPortrait UIInterfaceOrientationPortraitUpsideDown UIInterfaceOrientationLandscapeLeft UIInterfaceOrientationLandscapeRight";
				INFOPLIST_KEY_UISupportedInterfaceOrientations_iPhone = "UIInterfaceOrientationPortrait UIInterfaceOrientationLandscapeLeft UIInterfaceOrientationLandscapeRight";
				IPHONEOS_DEPLOYMENT_TARGET = 13.0;
				LD_RUNPATH_SEARCH_PATHS = (
					"$(inherited)",
					"@executable_path/Frameworks",
				);
				MARKETING_VERSION = 1.0;
				PRODUCT_BUNDLE_IDENTIFIER = com.organization.iawake;
				PRODUCT_NAME = "$(TARGET_NAME)";
				SWIFT_EMIT_LOC_STRINGS = YES;
				SWIFT_VERSION = 5.0;
				TARGETED_DEVICE_FAMILY = "1,2";
			};
			name = Release;
		};
		1183B9A127EBA20D005493BD /* Debug */ = {
			isa = XCBuildConfiguration;
			baseConfigurationReference = 72CD85DBD1232FDF0E777B9D /* Pods-iawakeTests.debug.xcconfig */;
			buildSettings = {
				ALWAYS_EMBED_SWIFT_STANDARD_LIBRARIES = YES;
				BUNDLE_LOADER = "$(TEST_HOST)";
				CODE_SIGN_STYLE = Automatic;
				CURRENT_PROJECT_VERSION = 1;
				GENERATE_INFOPLIST_FILE = YES;
				IPHONEOS_DEPLOYMENT_TARGET = 15.2;
				MARKETING_VERSION = 1.0;
				PRODUCT_BUNDLE_IDENTIFIER = com.organization.iawakeTests;
				PRODUCT_NAME = "$(TARGET_NAME)";
				SWIFT_EMIT_LOC_STRINGS = NO;
				SWIFT_VERSION = 5.0;
				TARGETED_DEVICE_FAMILY = "1,2";
				TEST_HOST = "$(BUILT_PRODUCTS_DIR)/iawake.app/iawake";
			};
			name = Debug;
		};
		1183B9A227EBA20D005493BD /* Release */ = {
			isa = XCBuildConfiguration;
			baseConfigurationReference = 231B56CA4835A44BAFDCF7C6 /* Pods-iawakeTests.release.xcconfig */;
			buildSettings = {
				ALWAYS_EMBED_SWIFT_STANDARD_LIBRARIES = YES;
				BUNDLE_LOADER = "$(TEST_HOST)";
				CODE_SIGN_STYLE = Automatic;
				CURRENT_PROJECT_VERSION = 1;
				GENERATE_INFOPLIST_FILE = YES;
				IPHONEOS_DEPLOYMENT_TARGET = 15.2;
				MARKETING_VERSION = 1.0;
				PRODUCT_BUNDLE_IDENTIFIER = com.organization.iawakeTests;
				PRODUCT_NAME = "$(TARGET_NAME)";
				SWIFT_EMIT_LOC_STRINGS = NO;
				SWIFT_VERSION = 5.0;
				TARGETED_DEVICE_FAMILY = "1,2";
				TEST_HOST = "$(BUILT_PRODUCTS_DIR)/iawake.app/iawake";
			};
			name = Release;
		};
		1183B9A427EBA20D005493BD /* Debug */ = {
			isa = XCBuildConfiguration;
			baseConfigurationReference = D9E18230F8855E0D7E1DC4F2 /* Pods-iawake-iawakeUITests.debug.xcconfig */;
			buildSettings = {
				ALWAYS_EMBED_SWIFT_STANDARD_LIBRARIES = YES;
				CODE_SIGN_STYLE = Automatic;
				CURRENT_PROJECT_VERSION = 1;
				GENERATE_INFOPLIST_FILE = YES;
				MARKETING_VERSION = 1.0;
				PRODUCT_BUNDLE_IDENTIFIER = com.organization.iawakeUITests;
				PRODUCT_NAME = "$(TARGET_NAME)";
				SWIFT_EMIT_LOC_STRINGS = NO;
				SWIFT_VERSION = 5.0;
				TARGETED_DEVICE_FAMILY = "1,2";
				TEST_TARGET_NAME = iawake;
			};
			name = Debug;
		};
		1183B9A527EBA20D005493BD /* Release */ = {
			isa = XCBuildConfiguration;
			baseConfigurationReference = 55239560609715C2E28A82E0 /* Pods-iawake-iawakeUITests.release.xcconfig */;
			buildSettings = {
				ALWAYS_EMBED_SWIFT_STANDARD_LIBRARIES = YES;
				CODE_SIGN_STYLE = Automatic;
				CURRENT_PROJECT_VERSION = 1;
				GENERATE_INFOPLIST_FILE = YES;
				MARKETING_VERSION = 1.0;
				PRODUCT_BUNDLE_IDENTIFIER = com.organization.iawakeUITests;
				PRODUCT_NAME = "$(TARGET_NAME)";
				SWIFT_EMIT_LOC_STRINGS = NO;
				SWIFT_VERSION = 5.0;
				TARGETED_DEVICE_FAMILY = "1,2";
				TEST_TARGET_NAME = iawake;
			};
			name = Release;
		};
/* End XCBuildConfiguration section */

/* Begin XCConfigurationList section */
		1183B96E27EBA209005493BD /* Build configuration list for PBXProject "iawake" */ = {
			isa = XCConfigurationList;
			buildConfigurations = (
				1183B99B27EBA20D005493BD /* Debug */,
				1183B99C27EBA20D005493BD /* Release */,
			);
			defaultConfigurationIsVisible = 0;
			defaultConfigurationName = Release;
		};
		1183B99D27EBA20D005493BD /* Build configuration list for PBXNativeTarget "iawake" */ = {
			isa = XCConfigurationList;
			buildConfigurations = (
				1183B99E27EBA20D005493BD /* Debug */,
				1183B99F27EBA20D005493BD /* Release */,
			);
			defaultConfigurationIsVisible = 0;
			defaultConfigurationName = Release;
		};
		1183B9A027EBA20D005493BD /* Build configuration list for PBXNativeTarget "iawakeTests" */ = {
			isa = XCConfigurationList;
			buildConfigurations = (
				1183B9A127EBA20D005493BD /* Debug */,
				1183B9A227EBA20D005493BD /* Release */,
			);
			defaultConfigurationIsVisible = 0;
			defaultConfigurationName = Release;
		};
		1183B9A327EBA20D005493BD /* Build configuration list for PBXNativeTarget "iawakeUITests" */ = {
			isa = XCConfigurationList;
			buildConfigurations = (
				1183B9A427EBA20D005493BD /* Debug */,
				1183B9A527EBA20D005493BD /* Release */,
			);
			defaultConfigurationIsVisible = 0;
			defaultConfigurationName = Release;
		};
/* End XCConfigurationList section */
	};
	rootObject = 1183B96B27EBA209005493BD /* Project object */;
}
